
Microsoft Visual Studio Solution File, Format Version 12.00
# Visual Studio 15
Project("{FAE04EC0-301F-11D3-BF4B-00C04F79EFBC}") = "UnityEngine.UI", "UnityEngine.UI.csproj", "{5EA76F5C-63F5-B78D-0609-06332D3CC364}"
EndProject
Project("{FAE04EC0-301F-11D3-BF4B-00C04F79EFBC}") = "UnityEngine.TestRunner", "UnityEngine.TestRunner.csproj", "{79DB95B3-B2CC-57CC-5F22-D769B7FA1CC8}"
EndProject
Project("{FAE04EC0-301F-11D3-BF4B-00C04F79EFBC}") = "PhotonUnityNetworking.Demos", "PhotonUnityNetworking.Demos.csproj", "{C708E56D-7941-3228-ECF7-8E3D82EF5151}"
EndProject
Project("{FAE04EC0-301F-11D3-BF4B-00C04F79EFBC}") = "PhotonUnityNetworking.Utilities", "PhotonUnityNetworking.Utilities.csproj", "{BBAE6CD8-EF3E-DAAB-F660-38AF7B8E9D9E}"
EndProject
Project("{FAE04EC0-301F-11D3-BF4B-00C04F79EFBC}") = "Unity.TextMeshPro", "Unity.TextMeshPro.csproj", "{6956C846-B85A-5EAB-BF12-85EE553BF2DF}"
EndProject
Project("{FAE04EC0-301F-11D3-BF4B-00C04F79EFBC}") = "Unity.Timeline", "Unity.Timeline.csproj", "{DD3DFC7A-325C-C054-2EEE-5F31263C07E1}"
EndProject
Project("{FAE04EC0-301F-11D3-BF4B-00C04F79EFBC}") = "PhotonChat", "PhotonChat.csproj", "{08D27401-B8A3-4CDD-C800-AEC57D7A5C1D}"
EndProject
Project("{FAE04EC0-301F-11D3-BF4B-00C04F79EFBC}") = "PhotonUnityNetworking", "PhotonUnityNetworking.csproj", "{7D598684-3CB2-FC05-D3FA-1649C1B39E58}"
EndProject
Project("{FAE04EC0-301F-11D3-BF4B-00C04F79EFBC}") = "Assembly-CSharp", "Assembly-CSharp.csproj", "{656190D4-8302-14C4-5DAB-8D9955A4732B}"
EndProject
Project("{FAE04EC0-301F-11D3-BF4B-00C04F79EFBC}") = "PhotonRealtime", "PhotonRealtime.csproj", "{2314E9C6-EEA9-7087-B24A-B2178CC6ACDC}"
EndProject
Project("{FAE04EC0-301F-11D3-BF4B-00C04F79EFBC}") = "Assembly-CSharp-firstpass", "Assembly-CSharp-firstpass.csproj", "{2B49AA3B-1C40-8173-DB30-7DF6BAA5DC18}"
EndProject
Project("{FAE04EC0-301F-11D3-BF4B-00C04F79EFBC}") = "UnityEditor.TestRunner", "UnityEditor.TestRunner.csproj", "{23B291F9-AFAB-AF88-561B-F6E350EBF24B}"
EndProject
Project("{FAE04EC0-301F-11D3-BF4B-00C04F79EFBC}") = "Unity.VisualStudio.Editor", "Unity.VisualStudio.Editor.csproj", "{F1A5A1BB-5683-AC7D-BE62-609E5B2CA70A}"
EndProject
Project("{FAE04EC0-301F-11D3-BF4B-00C04F79EFBC}") = "Unity.TextMeshPro.Editor", "Unity.TextMeshPro.Editor.csproj", "{52CB6A62-DD24-0BF5-6B80-DA0FCEFEEF5A}"
EndProject
Project("{FAE04EC0-301F-11D3-BF4B-00C04F79EFBC}") = "Unity.Timeline.Editor", "Unity.Timeline.Editor.csproj", "{3EEE869B-6C93-4EC2-F766-90DA58868AD0}"
EndProject
Project("{FAE04EC0-301F-11D3-BF4B-00C04F79EFBC}") = "Unity.PlasticSCM.Editor", "Unity.PlasticSCM.Editor.csproj", "{FB2603B7-4A46-42B1-51A7-3610DAAACC1A}"
EndProject
Project("{FAE04EC0-301F-11D3-BF4B-00C04F79EFBC}") = "UnityEditor.UI", "UnityEditor.UI.csproj", "{B98EE919-E7F7-6A75-3CEE-577B93FDAD53}"
EndProject
Project("{FAE04EC0-301F-11D3-BF4B-00C04F79EFBC}") = "Unity.Rider.Editor", "Unity.Rider.Editor.csproj", "{8A6E032E-7CEA-2AA5-50E6-C429C3B6AF10}"
EndProject
Project("{FAE04EC0-301F-11D3-BF4B-00C04F79EFBC}") = "Unity.CollabProxy.Editor", "Unity.CollabProxy.Editor.csproj", "{FFB87573-9204-721D-250F-F19D37A4ABF7}"
EndProject
Project("{FAE04EC0-301F-11D3-BF4B-00C04F79EFBC}") = "Unity.VSCode.Editor", "Unity.VSCode.Editor.csproj", "{69771BFE-38BD-589F-E785-B2B6B787C16E}"
EndProject
Project("{FAE04EC0-301F-11D3-BF4B-00C04F79EFBC}") = "PhotonUnityNetworking.Editor", "PhotonUnityNetworking.Editor.csproj", "{8B34AC35-56ED-B562-457F-5721EA4375D7}"
EndProject
Project("{FAE04EC0-301F-11D3-BF4B-00C04F79EFBC}") = "PunDemos.DemoHubEditor", "PunDemos.DemoHubEditor.csproj", "{9B636F95-9AD6-8A79-23A6-2BCD51E39EBC}"
EndProject
Project("{FAE04EC0-301F-11D3-BF4B-00C04F79EFBC}") = "PhotonUnityNetworking.Utilities.PhotonPlayer.Editor", "PhotonUnityNetworking.Utilities.PhotonPlayer.Editor.csproj", "{4E862B6B-9677-7CB9-2BFF-1BF4E8B4455A}"
EndProject
Project("{FAE04EC0-301F-11D3-BF4B-00C04F79EFBC}") = "PhotonUnityNetworking.Utilities.Culling.Editor", "PhotonUnityNetworking.Utilities.Culling.Editor.csproj", "{6E8C6456-0F65-74CE-88A0-70A69E7BA20D}"
EndProject
Project("{FAE04EC0-301F-11D3-BF4B-00C04F79EFBC}") = "PunDemos.DemoSlotcarEditor", "PunDemos.DemoSlotcarEditor.csproj", "{9CCB2606-C5A2-6FBE-F3D9-890CB0D55131}"
EndProject
Project("{FAE04EC0-301F-11D3-BF4B-00C04F79EFBC}") = "Assembly-CSharp-Editor-firstpass", "Assembly-CSharp-Editor-firstpass.csproj", "{F927CA6E-3662-89BE-5E88-ACDDD27BC446}"
EndProject
Global
	GlobalSection(SolutionConfigurationPlatforms) = preSolution
		Debug|Any CPU = Debug|Any CPU
		Release|Any CPU = Release|Any CPU
	EndGlobalSection
	GlobalSection(ProjectConfigurationPlatforms) = postSolution
		{5EA76F5C-63F5-B78D-0609-06332D3CC364}.Debug|Any CPU.ActiveCfg = Debug|Any CPU
		{5EA76F5C-63F5-B78D-0609-06332D3CC364}.Debug|Any CPU.Build.0 = Debug|Any CPU
		{5EA76F5C-63F5-B78D-0609-06332D3CC364}.Release|Any CPU.ActiveCfg = Release|Any CPU
		{5EA76F5C-63F5-B78D-0609-06332D3CC364}.Release|Any CPU.Build.0 = Release|Any CPU
		{79DB95B3-B2CC-57CC-5F22-D769B7FA1CC8}.Debug|Any CPU.ActiveCfg = Debug|Any CPU
		{79DB95B3-B2CC-57CC-5F22-D769B7FA1CC8}.Debug|Any CPU.Build.0 = Debug|Any CPU
		{79DB95B3-B2CC-57CC-5F22-D769B7FA1CC8}.Release|Any CPU.ActiveCfg = Release|Any CPU
		{79DB95B3-B2CC-57CC-5F22-D769B7FA1CC8}.Release|Any CPU.Build.0 = Release|Any CPU
		{C708E56D-7941-3228-ECF7-8E3D82EF5151}.Debug|Any CPU.ActiveCfg = Debug|Any CPU
		{C708E56D-7941-3228-ECF7-8E3D82EF5151}.Debug|Any CPU.Build.0 = Debug|Any CPU
		{C708E56D-7941-3228-ECF7-8E3D82EF5151}.Release|Any CPU.ActiveCfg = Release|Any CPU
		{C708E56D-7941-3228-ECF7-8E3D82EF5151}.Release|Any CPU.Build.0 = Release|Any CPU
		{BBAE6CD8-EF3E-DAAB-F660-38AF7B8E9D9E}.Debug|Any CPU.ActiveCfg = Debug|Any CPU
		{BBAE6CD8-EF3E-DAAB-F660-38AF7B8E9D9E}.Debug|Any CPU.Build.0 = Debug|Any CPU
		{BBAE6CD8-EF3E-DAAB-F660-38AF7B8E9D9E}.Release|Any CPU.ActiveCfg = Release|Any CPU
		{BBAE6CD8-EF3E-DAAB-F660-38AF7B8E9D9E}.Release|Any CPU.Build.0 = Release|Any CPU
		{6956C846-B85A-5EAB-BF12-85EE553BF2DF}.Debug|Any CPU.ActiveCfg = Debug|Any CPU
		{6956C846-B85A-5EAB-BF12-85EE553BF2DF}.Debug|Any CPU.Build.0 = Debug|Any CPU
		{6956C846-B85A-5EAB-BF12-85EE553BF2DF}.Release|Any CPU.ActiveCfg = Release|Any CPU
		{6956C846-B85A-5EAB-BF12-85EE553BF2DF}.Release|Any CPU.Build.0 = Release|Any CPU
		{DD3DFC7A-325C-C054-2EEE-5F31263C07E1}.Debug|Any CPU.ActiveCfg = Debug|Any CPU
		{DD3DFC7A-325C-C054-2EEE-5F31263C07E1}.Debug|Any CPU.Build.0 = Debug|Any CPU
		{DD3DFC7A-325C-C054-2EEE-5F31263C07E1}.Release|Any CPU.ActiveCfg = Release|Any CPU
		{DD3DFC7A-325C-C054-2EEE-5F31263C07E1}.Release|Any CPU.Build.0 = Release|Any CPU
		{08D27401-B8A3-4CDD-C800-AEC57D7A5C1D}.Debug|Any CPU.ActiveCfg = Debug|Any CPU
		{08D27401-B8A3-4CDD-C800-AEC57D7A5C1D}.Debug|Any CPU.Build.0 = Debug|Any CPU
		{08D27401-B8A3-4CDD-C800-AEC57D7A5C1D}.Release|Any CPU.ActiveCfg = Release|Any CPU
		{08D27401-B8A3-4CDD-C800-AEC57D7A5C1D}.Release|Any CPU.Build.0 = Release|Any CPU
		{7D598684-3CB2-FC05-D3FA-1649C1B39E58}.Debug|Any CPU.ActiveCfg = Debug|Any CPU
		{7D598684-3CB2-FC05-D3FA-1649C1B39E58}.Debug|Any CPU.Build.0 = Debug|Any CPU
		{7D598684-3CB2-FC05-D3FA-1649C1B39E58}.Release|Any CPU.ActiveCfg = Release|Any CPU
		{7D598684-3CB2-FC05-D3FA-1649C1B39E58}.Release|Any CPU.Build.0 = Release|Any CPU
		{656190D4-8302-14C4-5DAB-8D9955A4732B}.Debug|Any CPU.ActiveCfg = Debug|Any CPU
		{656190D4-8302-14C4-5DAB-8D9955A4732B}.Debug|Any CPU.Build.0 = Debug|Any CPU
		{656190D4-8302-14C4-5DAB-8D9955A4732B}.Release|Any CPU.ActiveCfg = Release|Any CPU
		{656190D4-8302-14C4-5DAB-8D9955A4732B}.Release|Any CPU.Build.0 = Release|Any CPU
		{2314E9C6-EEA9-7087-B24A-B2178CC6ACDC}.Debug|Any CPU.ActiveCfg = Debug|Any CPU
		{2314E9C6-EEA9-7087-B24A-B2178CC6ACDC}.Debug|Any CPU.Build.0 = Debug|Any CPU
		{2314E9C6-EEA9-7087-B24A-B2178CC6ACDC}.Release|Any CPU.ActiveCfg = Release|Any CPU
		{2314E9C6-EEA9-7087-B24A-B2178CC6ACDC}.Release|Any CPU.Build.0 = Release|Any CPU
		{2B49AA3B-1C40-8173-DB30-7DF6BAA5DC18}.Debug|Any CPU.ActiveCfg = Debug|Any CPU
		{2B49AA3B-1C40-8173-DB30-7DF6BAA5DC18}.Debug|Any CPU.Build.0 = Debug|Any CPU
		{2B49AA3B-1C40-8173-DB30-7DF6BAA5DC18}.Release|Any CPU.ActiveCfg = Release|Any CPU
		{2B49AA3B-1C40-8173-DB30-7DF6BAA5DC18}.Release|Any CPU.Build.0 = Release|Any CPU
		{23B291F9-AFAB-AF88-561B-F6E350EBF24B}.Debug|Any CPU.ActiveCfg = Debug|Any CPU
		{23B291F9-AFAB-AF88-561B-F6E350EBF24B}.Debug|Any CPU.Build.0 = Debug|Any CPU
		{23B291F9-AFAB-AF88-561B-F6E350EBF24B}.Release|Any CPU.ActiveCfg = Release|Any CPU
		{23B291F9-AFAB-AF88-561B-F6E350EBF24B}.Release|Any CPU.Build.0 = Release|Any CPU
		{F1A5A1BB-5683-AC7D-BE62-609E5B2CA70A}.Debug|Any CPU.ActiveCfg = Debug|Any CPU
		{F1A5A1BB-5683-AC7D-BE62-609E5B2CA70A}.Debug|Any CPU.Build.0 = Debug|Any CPU
		{F1A5A1BB-5683-AC7D-BE62-609E5B2CA70A}.Release|Any CPU.ActiveCfg = Release|Any CPU
		{F1A5A1BB-5683-AC7D-BE62-609E5B2CA70A}.Release|Any CPU.Build.0 = Release|Any CPU
		{52CB6A62-DD24-0BF5-6B80-DA0FCEFEEF5A}.Debug|Any CPU.ActiveCfg = Debug|Any CPU
		{52CB6A62-DD24-0BF5-6B80-DA0FCEFEEF5A}.Debug|Any CPU.Build.0 = Debug|Any CPU
		{52CB6A62-DD24-0BF5-6B80-DA0FCEFEEF5A}.Release|Any CPU.ActiveCfg = Release|Any CPU
		{52CB6A62-DD24-0BF5-6B80-DA0FCEFEEF5A}.Release|Any CPU.Build.0 = Release|Any CPU
		{3EEE869B-6C93-4EC2-F766-90DA58868AD0}.Debug|Any CPU.ActiveCfg = Debug|Any CPU
		{3EEE869B-6C93-4EC2-F766-90DA58868AD0}.Debug|Any CPU.Build.0 = Debug|Any CPU
		{3EEE869B-6C93-4EC2-F766-90DA58868AD0}.Release|Any CPU.ActiveCfg = Release|Any CPU
		{3EEE869B-6C93-4EC2-F766-90DA58868AD0}.Release|Any CPU.Build.0 = Release|Any CPU
		{FB2603B7-4A46-42B1-51A7-3610DAAACC1A}.Debug|Any CPU.ActiveCfg = Debug|Any CPU
		{FB2603B7-4A46-42B1-51A7-3610DAAACC1A}.Debug|Any CPU.Build.0 = Debug|Any CPU
		{FB2603B7-4A46-42B1-51A7-3610DAAACC1A}.Release|Any CPU.ActiveCfg = Release|Any CPU
		{FB2603B7-4A46-42B1-51A7-3610DAAACC1A}.Release|Any CPU.Build.0 = Release|Any CPU
		{B98EE919-E7F7-6A75-3CEE-577B93FDAD53}.Debug|Any CPU.ActiveCfg = Debug|Any CPU
		{B98EE919-E7F7-6A75-3CEE-577B93FDAD53}.Debug|Any CPU.Build.0 = Debug|Any CPU
		{B98EE919-E7F7-6A75-3CEE-577B93FDAD53}.Release|Any CPU.ActiveCfg = Release|Any CPU
		{B98EE919-E7F7-6A75-3CEE-577B93FDAD53}.Release|Any CPU.Build.0 = Release|Any CPU
		{8A6E032E-7CEA-2AA5-50E6-C429C3B6AF10}.Debug|Any CPU.ActiveCfg = Debug|Any CPU
		{8A6E032E-7CEA-2AA5-50E6-C429C3B6AF10}.Debug|Any CPU.Build.0 = Debug|Any CPU
		{8A6E032E-7CEA-2AA5-50E6-C429C3B6AF10}.Release|Any CPU.ActiveCfg = Release|Any CPU
		{8A6E032E-7CEA-2AA5-50E6-C429C3B6AF10}.Release|Any CPU.Build.0 = Release|Any CPU
		{FFB87573-9204-721D-250F-F19D37A4ABF7}.Debug|Any CPU.ActiveCfg = Debug|Any CPU
		{FFB87573-9204-721D-250F-F19D37A4ABF7}.Debug|Any CPU.Build.0 = Debug|Any CPU
		{FFB87573-9204-721D-250F-F19D37A4ABF7}.Release|Any CPU.ActiveCfg = Release|Any CPU
		{FFB87573-9204-721D-250F-F19D37A4ABF7}.Release|Any CPU.Build.0 = Release|Any CPU
		{69771BFE-38BD-589F-E785-B2B6B787C16E}.Debug|Any CPU.ActiveCfg = Debug|Any CPU
		{69771BFE-38BD-589F-E785-B2B6B787C16E}.Debug|Any CPU.Build.0 = Debug|Any CPU
		{69771BFE-38BD-589F-E785-B2B6B787C16E}.Release|Any CPU.ActiveCfg = Release|Any CPU
		{69771BFE-38BD-589F-E785-B2B6B787C16E}.Release|Any CPU.Build.0 = Release|Any CPU
		{8B34AC35-56ED-B562-457F-5721EA4375D7}.Debug|Any CPU.ActiveCfg = Debug|Any CPU
		{8B34AC35-56ED-B562-457F-5721EA4375D7}.Debug|Any CPU.Build.0 = Debug|Any CPU
		{8B34AC35-56ED-B562-457F-5721EA4375D7}.Release|Any CPU.ActiveCfg = Release|Any CPU
		{8B34AC35-56ED-B562-457F-5721EA4375D7}.Release|Any CPU.Build.0 = Release|Any CPU
		{9B636F95-9AD6-8A79-23A6-2BCD51E39EBC}.Debug|Any CPU.ActiveCfg = Debug|Any CPU
		{9B636F95-9AD6-8A79-23A6-2BCD51E39EBC}.Debug|Any CPU.Build.0 = Debug|Any CPU
		{9B636F95-9AD6-8A79-23A6-2BCD51E39EBC}.Release|Any CPU.ActiveCfg = Release|Any CPU
		{9B636F95-9AD6-8A79-23A6-2BCD51E39EBC}.Release|Any CPU.Build.0 = Release|Any CPU
		{4E862B6B-9677-7CB9-2BFF-1BF4E8B4455A}.Debug|Any CPU.ActiveCfg = Debug|Any CPU
		{4E862B6B-9677-7CB9-2BFF-1BF4E8B4455A}.Debug|Any CPU.Build.0 = Debug|Any CPU
		{4E862B6B-9677-7CB9-2BFF-1BF4E8B4455A}.Release|Any CPU.ActiveCfg = Release|Any CPU
		{4E862B6B-9677-7CB9-2BFF-1BF4E8B4455A}.Release|Any CPU.Build.0 = Release|Any CPU
		{6E8C6456-0F65-74CE-88A0-70A69E7BA20D}.Debug|Any CPU.ActiveCfg = Debug|Any CPU
		{6E8C6456-0F65-74CE-88A0-70A69E7BA20D}.Debug|Any CPU.Build.0 = Debug|Any CPU
		{6E8C6456-0F65-74CE-88A0-70A69E7BA20D}.Release|Any CPU.ActiveCfg = Release|Any CPU
		{6E8C6456-0F65-74CE-88A0-70A69E7BA20D}.Release|Any CPU.Build.0 = Release|Any CPU
		{9CCB2606-C5A2-6FBE-F3D9-890CB0D55131}.Debug|Any CPU.ActiveCfg = Debug|Any CPU
		{9CCB2606-C5A2-6FBE-F3D9-890CB0D55131}.Debug|Any CPU.Build.0 = Debug|Any CPU
		{9CCB2606-C5A2-6FBE-F3D9-890CB0D55131}.Release|Any CPU.ActiveCfg = Release|Any CPU
		{9CCB2606-C5A2-6FBE-F3D9-890CB0D55131}.Release|Any CPU.Build.0 = Release|Any CPU
		{F927CA6E-3662-89BE-5E88-ACDDD27BC446}.Debug|Any CPU.ActiveCfg = Debug|Any CPU
		{F927CA6E-3662-89BE-5E88-ACDDD27BC446}.Debug|Any CPU.Build.0 = Debug|Any CPU
		{F927CA6E-3662-89BE-5E88-ACDDD27BC446}.Release|Any CPU.ActiveCfg = Release|Any CPU
		{F927CA6E-3662-89BE-5E88-ACDDD27BC446}.Release|Any CPU.Build.0 = Release|Any CPU
	EndGlobalSection
	GlobalSection(SolutionProperties) = preSolution
		HideSolutionNode = FALSE
	EndGlobalSection
EndGlobal
